// !$*UTF8*$!
{
	archiveVersion = 1;
	classes = {
	};
	objectVersion = 50;
	objects = {

/* Begin PBXBuildFile section */
		5D8655B2236FD3F2007D70ED /* AppDelegate.m in Sources */ = {isa = PBXBuildFile; fileRef = 5D8655B1236FD3F2007D70ED /* AppDelegate.m */; };
		5D8655B5236FD3F2007D70ED /* ViewController.m in Sources */ = {isa = PBXBuildFile; fileRef = 5D8655B4236FD3F2007D70ED /* ViewController.m */; };
		5D8655B7236FD3F3007D70ED /* Assets.xcassets in Resources */ = {isa = PBXBuildFile; fileRef = 5D8655B6236FD3F3007D70ED /* Assets.xcassets */; };
		5D8655BA236FD3F3007D70ED /* Main.storyboard in Resources */ = {isa = PBXBuildFile; fileRef = 5D8655B8236FD3F3007D70ED /* Main.storyboard */; };
		5D8655BD236FD3F3007D70ED /* main.m in Sources */ = {isa = PBXBuildFile; fileRef = 5D8655BC236FD3F3007D70ED /* main.m */; };
		887579742370704B003AC030 /* HTHandler.m in Sources */ = {isa = PBXBuildFile; fileRef = 887579732370704B003AC030 /* HTHandler.m */; };
		889FF9CE237088B500876C1A /* GCDAsyncUdpSocket.m in Sources */ = {isa = PBXBuildFile; fileRef = 889FF9CD237088B500876C1A /* GCDAsyncUdpSocket.m */; };
/* End PBXBuildFile section */

/* Begin PBXFileReference section */
		5D8655AD236FD3F2007D70ED /* iSandBox.app */ = {isa = PBXFileReference; explicitFileType = wrapper.application; includeInIndex = 0; path = iSandBox.app; sourceTree = BUILT_PRODUCTS_DIR; };
		5D8655B0236FD3F2007D70ED /* AppDelegate.h */ = {isa = PBXFileReference; lastKnownFileType = sourcecode.c.h; path = AppDelegate.h; sourceTree = "<group>"; };
		5D8655B1236FD3F2007D70ED /* AppDelegate.m */ = {isa = PBXFileReference; lastKnownFileType = sourcecode.c.objc; path = AppDelegate.m; sourceTree = "<group>"; };
		5D8655B3236FD3F2007D70ED /* ViewController.h */ = {isa = PBXFileReference; lastKnownFileType = sourcecode.c.h; path = ViewController.h; sourceTree = "<group>"; };
		5D8655B4236FD3F2007D70ED /* ViewController.m */ = {isa = PBXFileReference; lastKnownFileType = sourcecode.c.objc; path = ViewController.m; sourceTree = "<group>"; };
		5D8655B6236FD3F3007D70ED /* Assets.xcassets */ = {isa = PBXFileReference; lastKnownFileType = folder.assetcatalog; path = Assets.xcassets; sourceTree = "<group>"; };
		5D8655B9236FD3F3007D70ED /* Base */ = {isa = PBXFileReference; lastKnownFileType = file.storyboard; name = Base; path = Base.lproj/Main.storyboard; sourceTree = "<group>"; };
		5D8655BB236FD3F3007D70ED /* Info.plist */ = {isa = PBXFileReference; lastKnownFileType = text.plist.xml; path = Info.plist; sourceTree = "<group>"; };
		5D8655BC236FD3F3007D70ED /* main.m */ = {isa = PBXFileReference; lastKnownFileType = sourcecode.c.objc; path = main.m; sourceTree = "<group>"; };
		5D8655BE236FD3F3007D70ED /* iSandBox.entitlements */ = {isa = PBXFileReference; lastKnownFileType = text.plist.entitlements; path = iSandBox.entitlements; sourceTree = "<group>"; };
		887579722370704B003AC030 /* HTHandler.h */ = {isa = PBXFileReference; lastKnownFileType = sourcecode.c.h; path = HTHandler.h; sourceTree = "<group>"; };
		887579732370704B003AC030 /* HTHandler.m */ = {isa = PBXFileReference; lastKnownFileType = sourcecode.c.objc; path = HTHandler.m; sourceTree = "<group>"; };
		889FF9CC237088B500876C1A /* GCDAsyncUdpSocket.h */ = {isa = PBXFileReference; fileEncoding = 4; lastKnownFileType = sourcecode.c.h; path = GCDAsyncUdpSocket.h; sourceTree = "<group>"; };
		889FF9CD237088B500876C1A /* GCDAsyncUdpSocket.m */ = {isa = PBXFileReference; fileEncoding = 4; lastKnownFileType = sourcecode.c.objc; path = GCDAsyncUdpSocket.m; sourceTree = "<group>"; };
/* End PBXFileReference section */

/* Begin PBXFrameworksBuildPhase section */
		5D8655AA236FD3F2007D70ED /* Frameworks */ = {
			isa = PBXFrameworksBuildPhase;
			buildActionMask = 2147483647;
			files = (
			);
			runOnlyForDeploymentPostprocessing = 0;
		};
/* End PBXFrameworksBuildPhase section */

/* Begin PBXGroup section */
		5D8655A4236FD3F2007D70ED = {
			isa = PBXGroup;
			children = (
				5D8655AF236FD3F2007D70ED /* iSandBox */,
				5D8655AE236FD3F2007D70ED /* Products */,
			);
			sourceTree = "<group>";
		};
		5D8655AE236FD3F2007D70ED /* Products */ = {
			isa = PBXGroup;
			children = (
				5D8655AD236FD3F2007D70ED /* iSandBox.app */,
			);
			name = Products;
			sourceTree = "<group>";
		};
		5D8655AF236FD3F2007D70ED /* iSandBox */ = {
			isa = PBXGroup;
			children = (
				889FF9CC237088B500876C1A /* GCDAsyncUdpSocket.h */,
				889FF9CD237088B500876C1A /* GCDAsyncUdpSocket.m */,
				5D8655B0236FD3F2007D70ED /* AppDelegate.h */,
				5D8655B1236FD3F2007D70ED /* AppDelegate.m */,
				5D8655B3236FD3F2007D70ED /* ViewController.h */,
				5D8655B4236FD3F2007D70ED /* ViewController.m */,
				5D8655B6236FD3F3007D70ED /* Assets.xcassets */,
				5D8655B8236FD3F3007D70ED /* Main.storyboard */,
				5D8655BB236FD3F3007D70ED /* Info.plist */,
				5D8655BC236FD3F3007D70ED /* main.m */,
				5D8655BE236FD3F3007D70ED /* iSandBox.entitlements */,
				887579722370704B003AC030 /* HTHandler.h */,
				887579732370704B003AC030 /* HTHandler.m */,
			);
			path = iSandBox;
			sourceTree = "<group>";
		};
/* End PBXGroup section */

/* Begin PBXNativeTarget section */
		5D8655AC236FD3F2007D70ED /* iSandBox */ = {
			isa = PBXNativeTarget;
			buildConfigurationList = 5D8655C1236FD3F3007D70ED /* Build configuration list for PBXNativeTarget "iSandBox" */;
			buildPhases = (
				5D8655A9236FD3F2007D70ED /* Sources */,
				5D8655AA236FD3F2007D70ED /* Frameworks */,
				5D8655AB236FD3F2007D70ED /* Resources */,
			);
			buildRules = (
			);
			dependencies = (
			);
			name = iSandBox;
			productName = iSandBox;
			productReference = 5D8655AD236FD3F2007D70ED /* iSandBox.app */;
			productType = "com.apple.product-type.application";
		};
/* End PBXNativeTarget section */

/* Begin PBXProject section */
		5D8655A5236FD3F2007D70ED /* Project object */ = {
			isa = PBXProject;
			attributes = {
				LastUpgradeCheck = 1110;
				ORGANIZATIONNAME = Haozhicao;
				TargetAttributes = {
					5D8655AC236FD3F2007D70ED = {
						CreatedOnToolsVersion = 11.1;
					};
				};
			};
			buildConfigurationList = 5D8655A8236FD3F2007D70ED /* Build configuration list for PBXProject "iSandBox" */;
			compatibilityVersion = "Xcode 9.3";
			developmentRegion = en;
			hasScannedForEncodings = 0;
			knownRegions = (
				en,
				Base,
			);
			mainGroup = 5D8655A4236FD3F2007D70ED;
			productRefGroup = 5D8655AE236FD3F2007D70ED /* Products */;
			projectDirPath = "";
			projectRoot = "";
			targets = (
				5D8655AC236FD3F2007D70ED /* iSandBox */,
			);
		};
/* End PBXProject section */

/* Begin PBXResourcesBuildPhase section */
		5D8655AB236FD3F2007D70ED /* Resources */ = {
			isa = PBXResourcesBuildPhase;
			buildActionMask = 2147483647;
			files = (
				5D8655B7236FD3F3007D70ED /* Assets.xcassets in Resources */,
				5D8655BA236FD3F3007D70ED /* Main.storyboard in Resources */,
			);
			runOnlyForDeploymentPostprocessing = 0;
		};
/* End PBXResourcesBuildPhase section */

/* Begin PBXSourcesBuildPhase section */
		5D8655A9236FD3F2007D70ED /* Sources */ = {
			isa = PBXSourcesBuildPhase;
			buildActionMask = 2147483647;
			files = (
				887579742370704B003AC030 /* HTHandler.m in Sources */,
				889FF9CE237088B500876C1A /* GCDAsyncUdpSocket.m in Sources */,
				5D8655B5236FD3F2007D70ED /* ViewController.m in Sources */,
				5D8655BD236FD3F3007D70ED /* main.m in Sources */,
				5D8655B2236FD3F2007D70ED /* AppDelegate.m in Sources */,
			);
			runOnlyForDeploymentPostprocessing = 0;
		};
/* End PBXSourcesBuildPhase section */

/* Begin PBXVariantGroup section */
		5D8655B8236FD3F3007D70ED /* Main.storyboard */ = {
			isa = PBXVariantGroup;
			children = (
				5D8655B9236FD3F3007D70ED /* Base */,
			);
			name = Main.storyboard;
			sourceTree = "<group>";
		};
/* End PBXVariantGroup section */

/* Begin XCBuildConfiguration section */
		5D8655BF236FD3F3007D70ED /* Debug */ = {
			isa = XCBuildConfiguration;
			buildSettings = {
				ALWAYS_SEARCH_USER_PATHS = NO;
				CLANG_ANALYZER_NONNULL = YES;
				CLANG_ANALYZER_NUMBER_OBJECT_CONVERSION = YES_AGGRESSIVE;
				CLANG_CXX_LANGUAGE_STANDARD = "gnu++14";
				CLANG_CXX_LIBRARY = "libc++";
				CLANG_ENABLE_MODULES = YES;
				CLANG_ENABLE_OBJC_ARC = YES;
				CLANG_ENABLE_OBJC_WEAK = YES;
				CLANG_WARN_BLOCK_CAPTURE_AUTORELEASING = YES;
				CLANG_WARN_BOOL_CONVERSION = YES;
				CLANG_WARN_COMMA = YES;
				CLANG_WARN_CONSTANT_CONVERSION = YES;
				CLANG_WARN_DEPRECATED_OBJC_IMPLEMENTATIONS = YES;
				CLANG_WARN_DIRECT_OBJC_ISA_USAGE = YES_ERROR;
				CLANG_WARN_DOCUMENTATION_COMMENTS = YES;
				CLANG_WARN_EMPTY_BODY = YES;
				CLANG_WARN_ENUM_CONVERSION = YES;
				CLANG_WARN_INFINITE_RECURSION = YES;
				CLANG_WARN_INT_CONVERSION = YES;
				CLANG_WARN_NON_LITERAL_NULL_CONVERSION = YES;
				CLANG_WARN_OBJC_IMPLICIT_RETAIN_SELF = YES;
				CLANG_WARN_OBJC_LITERAL_CONVERSION = YES;
				CLANG_WARN_OBJC_ROOT_CLASS = YES_ERROR;
				CLANG_WARN_RANGE_LOOP_ANALYSIS = YES;
				CLANG_WARN_STRICT_PROTOTYPES = YES;
				CLANG_WARN_SUSPICIOUS_MOVE = YES;
				CLANG_WARN_UNGUARDED_AVAILABILITY = YES_AGGRESSIVE;
				CLANG_WARN_UNREACHABLE_CODE = YES;
				CLANG_WARN__DUPLICATE_METHOD_MATCH = YES;
				COPY_PHASE_STRIP = NO;
				DEBUG_INFORMATION_FORMAT = dwarf;
				ENABLE_STRICT_OBJC_MSGSEND = YES;
				ENABLE_TESTABILITY = YES;
				GCC_C_LANGUAGE_STANDARD = gnu11;
				GCC_DYNAMIC_NO_PIC = NO;
				GCC_NO_COMMON_BLOCKS = YES;
				GCC_OPTIMIZATION_LEVEL = 0;
				GCC_PREPROCESSOR_DEFINITIONS = (
					"DEBUG=1",
					"$(inherited)",
				);
				GCC_WARN_64_TO_32_BIT_CONVERSION = YES;
				GCC_WARN_ABOUT_RETURN_TYPE = YES_ERROR;
				GCC_WARN_UNDECLARED_SELECTOR = YES;
				GCC_WARN_UNINITIALIZED_AUTOS = YES_AGGRESSIVE;
				GCC_WARN_UNUSED_FUNCTION = YES;
				GCC_WARN_UNUSED_VARIABLE = YES;
				MACOSX_DEPLOYMENT_TARGET = 10.14;
				MTL_ENABLE_DEBUG_INFO = INCLUDE_SOURCE;
				MTL_FAST_MATH = YES;
				ONLY_ACTIVE_ARCH = YES;
				SDKROOT = macosx;
			};
			name = Debug;
		};
		5D8655C0236FD3F3007D70ED /* Release */ = {
			isa = XCBuildConfiguration;
			buildSettings = {
				ALWAYS_SEARCH_USER_PATHS = NO;
				CLANG_ANALYZER_NONNULL = YES;
				CLANG_ANALYZER_NUMBER_OBJECT_CONVERSION = YES_AGGRESSIVE;
				CLANG_CXX_LANGUAGE_STANDARD = "gnu++14";
				CLANG_CXX_LIBRARY = "libc++";
				CLANG_ENABLE_MODULES = YES;
				CLANG_ENABLE_OBJC_ARC = YES;
				CLANG_ENABLE_OBJC_WEAK = YES;
				CLANG_WARN_BLOCK_CAPTURE_AUTORELEASING = YES;
				CLANG_WARN_BOOL_CONVERSION = YES;
				CLANG_WARN_COMMA = YES;
				CLANG_WARN_CONSTANT_CONVERSION = YES;
				CLANG_WARN_DEPRECATED_OBJC_IMPLEMENTATIONS = YES;
				CLANG_WARN_DIRECT_OBJC_ISA_USAGE = YES_ERROR;
				CLANG_WARN_DOCUMENTATION_COMMENTS = YES;
				CLANG_WARN_EMPTY_BODY = YES;
				CLANG_WARN_ENUM_CONVERSION = YES;
				CLANG_WARN_INFINITE_RECURSION = YES;
				CLANG_WARN_INT_CONVERSION = YES;
				CLANG_WARN_NON_LITERAL_NULL_CONVERSION = YES;
				CLANG_WARN_OBJC_IMPLICIT_RETAIN_SELF = YES;
				CLANG_WARN_OBJC_LITERAL_CONVERSION = YES;
				CLANG_WARN_OBJC_ROOT_CLASS = YES_ERROR;
				CLANG_WARN_RANGE_LOOP_ANALYSIS = YES;
				CLANG_WARN_STRICT_PROTOTYPES = YES;
				CLANG_WARN_SUSPICIOUS_MOVE = YES;
				CLANG_WARN_UNGUARDED_AVAILABILITY = YES_AGGRESSIVE;
				CLANG_WARN_UNREACHABLE_CODE = YES;
				CLANG_WARN__DUPLICATE_METHOD_MATCH = YES;
				COPY_PHASE_STRIP = NO;
				DEBUG_INFORMATION_FORMAT = "dwarf-with-dsym";
				ENABLE_NS_ASSERTIONS = NO;
				ENABLE_STRICT_OBJC_MSGSEND = YES;
				GCC_C_LANGUAGE_STANDARD = gnu11;
				GCC_NO_COMMON_BLOCKS = YES;
				GCC_WARN_64_TO_32_BIT_CONVERSION = YES;
				GCC_WARN_ABOUT_RETURN_TYPE = YES_ERROR;
				GCC_WARN_UNDECLARED_SELECTOR = YES;
				GCC_WARN_UNINITIALIZED_AUTOS = YES_AGGRESSIVE;
				GCC_WARN_UNUSED_FUNCTION = YES;
				GCC_WARN_UNUSED_VARIABLE = YES;
				MACOSX_DEPLOYMENT_TARGET = 10.14;
				MTL_ENABLE_DEBUG_INFO = NO;
				MTL_FAST_MATH = YES;
				SDKROOT = macosx;
			};
			name = Release;
		};
		5D8655C2236FD3F3007D70ED /* Debug */ = {
			isa = XCBuildConfiguration;
			buildSettings = {
				ASSETCATALOG_COMPILER_APPICON_NAME = AppIcon;
				CODE_SIGN_ENTITLEMENTS = iSandBox/iSandBox.entitlements;
				CODE_SIGN_STYLE = Manual;
				COMBINE_HIDPI_IMAGES = YES;
				DEVELOPMENT_TEAM = HYZE4HN4M4;
				ENABLE_HARDENED_RUNTIME = YES;
				INFOPLIST_FILE = iSandBox/Info.plist;
				LD_RUNPATH_SEARCH_PATHS = (
					"$(inherited)",
					"@executable_path/../Frameworks",
				);
				PRODUCT_BUNDLE_IDENTIFIER = com.helloted.iSandBox;
				PRODUCT_NAME = "$(TARGET_NAME)";
				PROVISIONING_PROFILE_SPECIFIER = "";
			};
			name = Debug;
		};
		5D8655C3236FD3F3007D70ED /* Release */ = {
			isa = XCBuildConfiguration;
			buildSettings = {
				ASSETCATALOG_COMPILER_APPICON_NAME = AppIcon;
				CODE_SIGN_ENTITLEMENTS = iSandBox/iSandBox.entitlements;
				CODE_SIGN_STYLE = Manual;
				COMBINE_HIDPI_IMAGES = YES;
				DEVELOPMENT_TEAM = HYZE4HN4M4;
				ENABLE_HARDENED_RUNTIME = YES;
				INFOPLIST_FILE = iSandBox/Info.plist;
				LD_RUNPATH_SEARCH_PATHS = (
					"$(inherited)",
					"@executable_path/../Frameworks",
				);
				PRODUCT_BUNDLE_IDENTIFIER = com.helloted.iSandBox;
				PRODUCT_NAME = "$(TARGET_NAME)";
				PROVISIONING_PROFILE_SPECIFIER = "";
			};
			name = Release;
		};
/* End XCBuildConfiguration section */

/* Begin XCConfigurationList section */
		5D8655A8236FD3F2007D70ED /* Build configuration list for PBXProject "iSandBox" */ = {
			isa = XCConfigurationList;
			buildConfigurations = (
				5D8655BF236FD3F3007D70ED /* Debug */,
				5D8655C0236FD3F3007D70ED /* Release */,
			);
			defaultConfigurationIsVisible = 0;
			defaultConfigurationName = Release;
		};
		5D8655C1236FD3F3007D70ED /* Build configuration list for PBXNativeTarget "iSandBox" */ = {
			isa = XCConfigurationList;
			buildConfigurations = (
				5D8655C2236FD3F3007D70ED /* Debug */,
				5D8655C3236FD3F3007D70ED /* Release */,
			);
			defaultConfigurationIsVisible = 0;
			defaultConfigurationName = Release;
		};
/* End XCConfigurationList section */
	};
	rootObject = 5D8655A5236FD3F2007D70ED /* Project object */;
}
