// !$*UTF8*$!
{
	archiveVersion = 1;
	classes = {
	};
	objectVersion = 46;
	objects = {

/* Begin PBXBuildFile section */
		5D8655F923718792007D70ED /* GCDAsyncUdpSocket.m in Sources */ = {isa = PBXBuildFile; fileRef = 5D8655F723718792007D70ED /* GCDAsyncUdpSocket.m */; };
		C3BE63EF1955ED330045CBAD /* Cocoa.framework in Frameworks */ = {isa = PBXBuildFile; fileRef = C3BE63EE1955ED330045CBAD /* Cocoa.framework */; };
		C3BE63F91955ED330045CBAD /* InfoPlist.strings in Resources */ = {isa = PBXBuildFile; fileRef = C3BE63F71955ED330045CBAD /* InfoPlist.strings */; };
		C3BE63FB1955ED330045CBAD /* main.m in Sources */ = {isa = PBXBuildFile; fileRef = C3BE63FA1955ED330045CBAD /* main.m */; };
		C3BE63FF1955ED330045CBAD /* Credits.rtf in Resources */ = {isa = PBXBuildFile; fileRef = C3BE63FD1955ED330045CBAD /* Credits.rtf */; };
		C3BE64021955ED330045CBAD /* AppDelegate.m in Sources */ = {isa = PBXBuildFile; fileRef = C3BE64011955ED330045CBAD /* AppDelegate.m */; };
		C3BE64051955ED330045CBAD /* MainMenu.xib in Resources */ = {isa = PBXBuildFile; fileRef = C3BE64031955ED330045CBAD /* MainMenu.xib */; };
		C3BE64071955ED330045CBAD /* Images.xcassets in Resources */ = {isa = PBXBuildFile; fileRef = C3BE64061955ED330045CBAD /* Images.xcassets */; };
		C3BE640E1955ED330045CBAD /* XCTest.framework in Frameworks */ = {isa = PBXBuildFile; fileRef = C3BE640D1955ED330045CBAD /* XCTest.framework */; };
		C3BE640F1955ED330045CBAD /* Cocoa.framework in Frameworks */ = {isa = PBXBuildFile; fileRef = C3BE63EE1955ED330045CBAD /* Cocoa.framework */; };
		C3BE64171955ED330045CBAD /* InfoPlist.strings in Resources */ = {isa = PBXBuildFile; fileRef = C3BE64151955ED330045CBAD /* InfoPlist.strings */; };
		C3BE64191955ED330045CBAD /* MacUDPServerTests.m in Sources */ = {isa = PBXBuildFile; fileRef = C3BE64181955ED330045CBAD /* MacUDPServerTests.m */; };
/* End PBXBuildFile section */

/* Begin PBXContainerItemProxy section */
		C3BE64101955ED330045CBAD /* PBXContainerItemProxy */ = {
			isa = PBXContainerItemProxy;
			containerPortal = C3BE63E31955ED330045CBAD /* Project object */;
			proxyType = 1;
			remoteGlobalIDString = C3BE63EA1955ED330045CBAD;
			remoteInfo = MacUDPServer;
		};
/* End PBXContainerItemProxy section */

/* Begin PBXFileReference section */
		5D8655F723718792007D70ED /* GCDAsyncUdpSocket.m */ = {isa = PBXFileReference; fileEncoding = 4; lastKnownFileType = sourcecode.c.objc; path = GCDAsyncUdpSocket.m; sourceTree = "<group>"; };
		5D8655F823718792007D70ED /* GCDAsyncUdpSocket.h */ = {isa = PBXFileReference; fileEncoding = 4; lastKnownFileType = sourcecode.c.h; path = GCDAsyncUdpSocket.h; sourceTree = "<group>"; };
		C3BE63EB1955ED330045CBAD /* MacUDPServer.app */ = {isa = PBXFileReference; explicitFileType = wrapper.application; includeInIndex = 0; path = MacUDPServer.app; sourceTree = BUILT_PRODUCTS_DIR; };
		C3BE63EE1955ED330045CBAD /* Cocoa.framework */ = {isa = PBXFileReference; lastKnownFileType = wrapper.framework; name = Cocoa.framework; path = System/Library/Frameworks/Cocoa.framework; sourceTree = SDKROOT; };
		C3BE63F11955ED330045CBAD /* AppKit.framework */ = {isa = PBXFileReference; lastKnownFileType = wrapper.framework; name = AppKit.framework; path = System/Library/Frameworks/AppKit.framework; sourceTree = SDKROOT; };
		C3BE63F21955ED330045CBAD /* CoreData.framework */ = {isa = PBXFileReference; lastKnownFileType = wrapper.framework; name = CoreData.framework; path = System/Library/Frameworks/CoreData.framework; sourceTree = SDKROOT; };
		C3BE63F31955ED330045CBAD /* Foundation.framework */ = {isa = PBXFileReference; lastKnownFileType = wrapper.framework; name = Foundation.framework; path = System/Library/Frameworks/Foundation.framework; sourceTree = SDKROOT; };
		C3BE63F61955ED330045CBAD /* MacUDPServer-Info.plist */ = {isa = PBXFileReference; lastKnownFileType = text.plist.xml; path = "MacUDPServer-Info.plist"; sourceTree = "<group>"; };
		C3BE63F81955ED330045CBAD /* en */ = {isa = PBXFileReference; lastKnownFileType = text.plist.strings; name = en; path = en.lproj/InfoPlist.strings; sourceTree = "<group>"; };
		C3BE63FA1955ED330045CBAD /* main.m */ = {isa = PBXFileReference; lastKnownFileType = sourcecode.c.objc; path = main.m; sourceTree = "<group>"; };
		C3BE63FC1955ED330045CBAD /* MacUDPServer-Prefix.pch */ = {isa = PBXFileReference; lastKnownFileType = sourcecode.c.h; path = "MacUDPServer-Prefix.pch"; sourceTree = "<group>"; };
		C3BE63FE1955ED330045CBAD /* en */ = {isa = PBXFileReference; lastKnownFileType = text.rtf; name = en; path = en.lproj/Credits.rtf; sourceTree = "<group>"; };
		C3BE64001955ED330045CBAD /* AppDelegate.h */ = {isa = PBXFileReference; lastKnownFileType = sourcecode.c.h; path = AppDelegate.h; sourceTree = "<group>"; };
		C3BE64011955ED330045CBAD /* AppDelegate.m */ = {isa = PBXFileReference; lastKnownFileType = sourcecode.c.objc; path = AppDelegate.m; sourceTree = "<group>"; };
		C3BE64041955ED330045CBAD /* Base */ = {isa = PBXFileReference; lastKnownFileType = file.xib; name = Base; path = Base.lproj/MainMenu.xib; sourceTree = "<group>"; };
		C3BE64061955ED330045CBAD /* Images.xcassets */ = {isa = PBXFileReference; lastKnownFileType = folder.assetcatalog; path = Images.xcassets; sourceTree = "<group>"; };
		C3BE640C1955ED330045CBAD /* MacUDPServerTests.xctest */ = {isa = PBXFileReference; explicitFileType = wrapper.cfbundle; includeInIndex = 0; path = MacUDPServerTests.xctest; sourceTree = BUILT_PRODUCTS_DIR; };
		C3BE640D1955ED330045CBAD /* XCTest.framework */ = {isa = PBXFileReference; lastKnownFileType = wrapper.framework; name = XCTest.framework; path = Library/Frameworks/XCTest.framework; sourceTree = DEVELOPER_DIR; };
		C3BE64141955ED330045CBAD /* MacUDPServerTests-Info.plist */ = {isa = PBXFileReference; lastKnownFileType = text.plist.xml; path = "MacUDPServerTests-Info.plist"; sourceTree = "<group>"; };
		C3BE64161955ED330045CBAD /* en */ = {isa = PBXFileReference; lastKnownFileType = text.plist.strings; name = en; path = en.lproj/InfoPlist.strings; sourceTree = "<group>"; };
		C3BE64181955ED330045CBAD /* MacUDPServerTests.m */ = {isa = PBXFileReference; lastKnownFileType = sourcecode.c.objc; path = MacUDPServerTests.m; sourceTree = "<group>"; };
/* End PBXFileReference section */

/* Begin PBXFrameworksBuildPhase section */
		C3BE63E81955ED330045CBAD /* Frameworks */ = {
			isa = PBXFrameworksBuildPhase;
			buildActionMask = 2147483647;
			files = (
				C3BE63EF1955ED330045CBAD /* Cocoa.framework in Frameworks */,
			);
			runOnlyForDeploymentPostprocessing = 0;
		};
		C3BE64091955ED330045CBAD /* Frameworks */ = {
			isa = PBXFrameworksBuildPhase;
			buildActionMask = 2147483647;
			files = (
				C3BE640F1955ED330045CBAD /* Cocoa.framework in Frameworks */,
				C3BE640E1955ED330045CBAD /* XCTest.framework in Frameworks */,
			);
			runOnlyForDeploymentPostprocessing = 0;
		};
/* End PBXFrameworksBuildPhase section */

/* Begin PBXGroup section */
		C3BE63E21955ED330045CBAD = {
			isa = PBXGroup;
			children = (
				C3BE63F41955ED330045CBAD /* MacUDPServer */,
				C3BE64121955ED330045CBAD /* MacUDPServerTests */,
				C3BE63ED1955ED330045CBAD /* Frameworks */,
				C3BE63EC1955ED330045CBAD /* Products */,
			);
			sourceTree = "<group>";
		};
		C3BE63EC1955ED330045CBAD /* Products */ = {
			isa = PBXGroup;
			children = (
				C3BE63EB1955ED330045CBAD /* MacUDPServer.app */,
				C3BE640C1955ED330045CBAD /* MacUDPServerTests.xctest */,
			);
			name = Products;
			sourceTree = "<group>";
		};
		C3BE63ED1955ED330045CBAD /* Frameworks */ = {
			isa = PBXGroup;
			children = (
				C3BE63EE1955ED330045CBAD /* Cocoa.framework */,
				C3BE640D1955ED330045CBAD /* XCTest.framework */,
				C3BE63F01955ED330045CBAD /* Other Frameworks */,
			);
			name = Frameworks;
			sourceTree = "<group>";
		};
		C3BE63F01955ED330045CBAD /* Other Frameworks */ = {
			isa = PBXGroup;
			children = (
				C3BE63F11955ED330045CBAD /* AppKit.framework */,
				C3BE63F21955ED330045CBAD /* CoreData.framework */,
				C3BE63F31955ED330045CBAD /* Foundation.framework */,
			);
			name = "Other Frameworks";
			sourceTree = "<group>";
		};
		C3BE63F41955ED330045CBAD /* MacUDPServer */ = {
			isa = PBXGroup;
			children = (
				5D8655F823718792007D70ED /* GCDAsyncUdpSocket.h */,
				5D8655F723718792007D70ED /* GCDAsyncUdpSocket.m */,
				C3BE64001955ED330045CBAD /* AppDelegate.h */,
				C3BE64011955ED330045CBAD /* AppDelegate.m */,
				C3BE64031955ED330045CBAD /* MainMenu.xib */,
				C3BE64061955ED330045CBAD /* Images.xcassets */,
				C3BE63F51955ED330045CBAD /* Supporting Files */,
			);
			path = MacUDPServer;
			sourceTree = "<group>";
		};
		C3BE63F51955ED330045CBAD /* Supporting Files */ = {
			isa = PBXGroup;
			children = (
				C3BE63F61955ED330045CBAD /* MacUDPServer-Info.plist */,
				C3BE63F71955ED330045CBAD /* InfoPlist.strings */,
				C3BE63FA1955ED330045CBAD /* main.m */,
				C3BE63FC1955ED330045CBAD /* MacUDPServer-Prefix.pch */,
				C3BE63FD1955ED330045CBAD /* Credits.rtf */,
			);
			name = "Supporting Files";
			sourceTree = "<group>";
		};
		C3BE64121955ED330045CBAD /* MacUDPServerTests */ = {
			isa = PBXGroup;
			children = (
				C3BE64181955ED330045CBAD /* MacUDPServerTests.m */,
				C3BE64131955ED330045CBAD /* Supporting Files */,
			);
			path = MacUDPServerTests;
			sourceTree = "<group>";
		};
		C3BE64131955ED330045CBAD /* Supporting Files */ = {
			isa = PBXGroup;
			children = (
				C3BE64141955ED330045CBAD /* MacUDPServerTests-Info.plist */,
				C3BE64151955ED330045CBAD /* InfoPlist.strings */,
			);
			name = "Supporting Files";
			sourceTree = "<group>";
		};
/* End PBXGroup section */

/* Begin PBXNativeTarget section */
		C3BE63EA1955ED330045CBAD /* MacUDPServer */ = {
			isa = PBXNativeTarget;
			buildConfigurationList = C3BE641C1955ED330045CBAD /* Build configuration list for PBXNativeTarget "MacUDPServer" */;
			buildPhases = (
				C3BE63E71955ED330045CBAD /* Sources */,
				C3BE63E81955ED330045CBAD /* Frameworks */,
				C3BE63E91955ED330045CBAD /* Resources */,
			);
			buildRules = (
			);
			dependencies = (
			);
			name = MacUDPServer;
			productName = MacUDPServer;
			productReference = C3BE63EB1955ED330045CBAD /* MacUDPServer.app */;
			productType = "com.apple.product-type.application";
		};
		C3BE640B1955ED330045CBAD /* MacUDPServerTests */ = {
			isa = PBXNativeTarget;
			buildConfigurationList = C3BE641F1955ED330045CBAD /* Build configuration list for PBXNativeTarget "MacUDPServerTests" */;
			buildPhases = (
				C3BE64081955ED330045CBAD /* Sources */,
				C3BE64091955ED330045CBAD /* Frameworks */,
				C3BE640A1955ED330045CBAD /* Resources */,
			);
			buildRules = (
			);
			dependencies = (
				C3BE64111955ED330045CBAD /* PBXTargetDependency */,
			);
			name = MacUDPServerTests;
			productName = MacUDPServerTests;
			productReference = C3BE640C1955ED330045CBAD /* MacUDPServerTests.xctest */;
			productType = "com.apple.product-type.bundle.unit-test";
		};
/* End PBXNativeTarget section */

/* Begin PBXProject section */
		C3BE63E31955ED330045CBAD /* Project object */ = {
			isa = PBXProject;
			attributes = {
				LastUpgradeCheck = 0510;
				ORGANIZATIONNAME = "Akihiro Okubo";
				TargetAttributes = {
					C3BE640B1955ED330045CBAD = {
						TestTargetID = C3BE63EA1955ED330045CBAD;
					};
				};
			};
			buildConfigurationList = C3BE63E61955ED330045CBAD /* Build configuration list for PBXProject "MacUDPServer" */;
			compatibilityVersion = "Xcode 3.2";
			developmentRegion = English;
			hasScannedForEncodings = 0;
			knownRegions = (
				English,
				en,
				Base,
			);
			mainGroup = C3BE63E21955ED330045CBAD;
			productRefGroup = C3BE63EC1955ED330045CBAD /* Products */;
			projectDirPath = "";
			projectRoot = "";
			targets = (
				C3BE63EA1955ED330045CBAD /* MacUDPServer */,
				C3BE640B1955ED330045CBAD /* MacUDPServerTests */,
			);
		};
/* End PBXProject section */

/* Begin PBXResourcesBuildPhase section */
		C3BE63E91955ED330045CBAD /* Resources */ = {
			isa = PBXResourcesBuildPhase;
			buildActionMask = 2147483647;
			files = (
				C3BE63F91955ED330045CBAD /* InfoPlist.strings in Resources */,
				C3BE64071955ED330045CBAD /* Images.xcassets in Resources */,
				C3BE63FF1955ED330045CBAD /* Credits.rtf in Resources */,
				C3BE64051955ED330045CBAD /* MainMenu.xib in Resources */,
			);
			runOnlyForDeploymentPostprocessing = 0;
		};
		C3BE640A1955ED330045CBAD /* Resources */ = {
			isa = PBXResourcesBuildPhase;
			buildActionMask = 2147483647;
			files = (
				C3BE64171955ED330045CBAD /* InfoPlist.strings in Resources */,
			);
			runOnlyForDeploymentPostprocessing = 0;
		};
/* End PBXResourcesBuildPhase section */

/* Begin PBXSourcesBuildPhase section */
		C3BE63E71955ED330045CBAD /* Sources */ = {
			isa = PBXSourcesBuildPhase;
			buildActionMask = 2147483647;
			files = (
				5D8655F923718792007D70ED /* GCDAsyncUdpSocket.m in Sources */,
				C3BE64021955ED330045CBAD /* AppDelegate.m in Sources */,
				C3BE63FB1955ED330045CBAD /* main.m in Sources */,
			);
			runOnlyForDeploymentPostprocessing = 0;
		};
		C3BE64081955ED330045CBAD /* Sources */ = {
			isa = PBXSourcesBuildPhase;
			buildActionMask = 2147483647;
			files = (
				C3BE64191955ED330045CBAD /* MacUDPServerTests.m in Sources */,
			);
			runOnlyForDeploymentPostprocessing = 0;
		};
/* End PBXSourcesBuildPhase section */

/* Begin PBXTargetDependency section */
		C3BE64111955ED330045CBAD /* PBXTargetDependency */ = {
			isa = PBXTargetDependency;
			target = C3BE63EA1955ED330045CBAD /* MacUDPServer */;
			targetProxy = C3BE64101955ED330045CBAD /* PBXContainerItemProxy */;
		};
/* End PBXTargetDependency section */

/* Begin PBXVariantGroup section */
		C3BE63F71955ED330045CBAD /* InfoPlist.strings */ = {
			isa = PBXVariantGroup;
			children = (
				C3BE63F81955ED330045CBAD /* en */,
			);
			name = InfoPlist.strings;
			sourceTree = "<group>";
		};
		C3BE63FD1955ED330045CBAD /* Credits.rtf */ = {
			isa = PBXVariantGroup;
			children = (
				C3BE63FE1955ED330045CBAD /* en */,
			);
			name = Credits.rtf;
			sourceTree = "<group>";
		};
		C3BE64031955ED330045CBAD /* MainMenu.xib */ = {
			isa = PBXVariantGroup;
			children = (
				C3BE64041955ED330045CBAD /* Base */,
			);
			name = MainMenu.xib;
			sourceTree = "<group>";
		};
		C3BE64151955ED330045CBAD /* InfoPlist.strings */ = {
			isa = PBXVariantGroup;
			children = (
				C3BE64161955ED330045CBAD /* en */,
			);
			name = InfoPlist.strings;
			sourceTree = "<group>";
		};
/* End PBXVariantGroup section */

/* Begin XCBuildConfiguration section */
		C3BE641A1955ED330045CBAD /* Debug */ = {
			isa = XCBuildConfiguration;
			buildSettings = {
				ALWAYS_SEARCH_USER_PATHS = NO;
				CLANG_CXX_LANGUAGE_STANDARD = "gnu++0x";
				CLANG_CXX_LIBRARY = "libc++";
				CLANG_ENABLE_MODULES = YES;
				CLANG_ENABLE_OBJC_ARC = YES;
				CLANG_WARN_BOOL_CONVERSION = YES;
				CLANG_WARN_CONSTANT_CONVERSION = YES;
				CLANG_WARN_DIRECT_OBJC_ISA_USAGE = YES_ERROR;
				CLANG_WARN_EMPTY_BODY = YES;
				CLANG_WARN_ENUM_CONVERSION = YES;
				CLANG_WARN_INT_CONVERSION = YES;
				CLANG_WARN_OBJC_ROOT_CLASS = YES_ERROR;
				CLANG_WARN__DUPLICATE_METHOD_MATCH = YES;
				COPY_PHASE_STRIP = NO;
				GCC_C_LANGUAGE_STANDARD = gnu99;
				GCC_DYNAMIC_NO_PIC = NO;
				GCC_ENABLE_OBJC_EXCEPTIONS = YES;
				GCC_OPTIMIZATION_LEVEL = 0;
				GCC_PREPROCESSOR_DEFINITIONS = (
					"DEBUG=1",
					"$(inherited)",
				);
				GCC_SYMBOLS_PRIVATE_EXTERN = NO;
				GCC_WARN_64_TO_32_BIT_CONVERSION = YES;
				GCC_WARN_ABOUT_RETURN_TYPE = YES_ERROR;
				GCC_WARN_UNDECLARED_SELECTOR = YES;
				GCC_WARN_UNINITIALIZED_AUTOS = YES_AGGRESSIVE;
				GCC_WARN_UNUSED_FUNCTION = YES;
				GCC_WARN_UNUSED_VARIABLE = YES;
				MACOSX_DEPLOYMENT_TARGET = 10.9;
				ONLY_ACTIVE_ARCH = YES;
				SDKROOT = macosx;
			};
			name = Debug;
		};
		C3BE641B1955ED330045CBAD /* Release */ = {
			isa = XCBuildConfiguration;
			buildSettings = {
				ALWAYS_SEARCH_USER_PATHS = NO;
				CLANG_CXX_LANGUAGE_STANDARD = "gnu++0x";
				CLANG_CXX_LIBRARY = "libc++";
				CLANG_ENABLE_MODULES = YES;
				CLANG_ENABLE_OBJC_ARC = YES;
				CLANG_WARN_BOOL_CONVERSION = YES;
				CLANG_WARN_CONSTANT_CONVERSION = YES;
				CLANG_WARN_DIRECT_OBJC_ISA_USAGE = YES_ERROR;
				CLANG_WARN_EMPTY_BODY = YES;
				CLANG_WARN_ENUM_CONVERSION = YES;
				CLANG_WARN_INT_CONVERSION = YES;
				CLANG_WARN_OBJC_ROOT_CLASS = YES_ERROR;
				CLANG_WARN__DUPLICATE_METHOD_MATCH = YES;
				COPY_PHASE_STRIP = YES;
				DEBUG_INFORMATION_FORMAT = "dwarf-with-dsym";
				ENABLE_NS_ASSERTIONS = NO;
				GCC_C_LANGUAGE_STANDARD = gnu99;
				GCC_ENABLE_OBJC_EXCEPTIONS = YES;
				GCC_WARN_64_TO_32_BIT_CONVERSION = YES;
				GCC_WARN_ABOUT_RETURN_TYPE = YES_ERROR;
				GCC_WARN_UNDECLARED_SELECTOR = YES;
				GCC_WARN_UNINITIALIZED_AUTOS = YES_AGGRESSIVE;
				GCC_WARN_UNUSED_FUNCTION = YES;
				GCC_WARN_UNUSED_VARIABLE = YES;
				MACOSX_DEPLOYMENT_TARGET = 10.9;
				SDKROOT = macosx;
			};
			name = Release;
		};
		C3BE641D1955ED330045CBAD /* Debug */ = {
			isa = XCBuildConfiguration;
			buildSettings = {
				ASSETCATALOG_COMPILER_APPICON_NAME = AppIcon;
				COMBINE_HIDPI_IMAGES = YES;
				GCC_PRECOMPILE_PREFIX_HEADER = YES;
				GCC_PREFIX_HEADER = "MacUDPServer/MacUDPServer-Prefix.pch";
				INFOPLIST_FILE = "MacUDPServer/MacUDPServer-Info.plist";
				PRODUCT_NAME = "$(TARGET_NAME)";
				WRAPPER_EXTENSION = app;
			};
			name = Debug;
		};
		C3BE641E1955ED330045CBAD /* Release */ = {
			isa = XCBuildConfiguration;
			buildSettings = {
				ASSETCATALOG_COMPILER_APPICON_NAME = AppIcon;
				COMBINE_HIDPI_IMAGES = YES;
				GCC_PRECOMPILE_PREFIX_HEADER = YES;
				GCC_PREFIX_HEADER = "MacUDPServer/MacUDPServer-Prefix.pch";
				INFOPLIST_FILE = "MacUDPServer/MacUDPServer-Info.plist";
				PRODUCT_NAME = "$(TARGET_NAME)";
				WRAPPER_EXTENSION = app;
			};
			name = Release;
		};
		C3BE64201955ED330045CBAD /* Debug */ = {
			isa = XCBuildConfiguration;
			buildSettings = {
				BUNDLE_LOADER = "$(BUILT_PRODUCTS_DIR)/MacUDPServer.app/Contents/MacOS/MacUDPServer";
				COMBINE_HIDPI_IMAGES = YES;
				FRAMEWORK_SEARCH_PATHS = (
					"$(DEVELOPER_FRAMEWORKS_DIR)",
					"$(inherited)",
				);
				GCC_PRECOMPILE_PREFIX_HEADER = YES;
				GCC_PREFIX_HEADER = "MacUDPServer/MacUDPServer-Prefix.pch";
				GCC_PREPROCESSOR_DEFINITIONS = (
					"DEBUG=1",
					"$(inherited)",
				);
				INFOPLIST_FILE = "MacUDPServerTests/MacUDPServerTests-Info.plist";
				PRODUCT_NAME = "$(TARGET_NAME)";
				TEST_HOST = "$(BUNDLE_LOADER)";
				WRAPPER_EXTENSION = xctest;
			};
			name = Debug;
		};
		C3BE64211955ED330045CBAD /* Release */ = {
			isa = XCBuildConfiguration;
			buildSettings = {
				BUNDLE_LOADER = "$(BUILT_PRODUCTS_DIR)/MacUDPServer.app/Contents/MacOS/MacUDPServer";
				COMBINE_HIDPI_IMAGES = YES;
				FRAMEWORK_SEARCH_PATHS = (
					"$(DEVELOPER_FRAMEWORKS_DIR)",
					"$(inherited)",
				);
				GCC_PRECOMPILE_PREFIX_HEADER = YES;
				GCC_PREFIX_HEADER = "MacUDPServer/MacUDPServer-Prefix.pch";
				INFOPLIST_FILE = "MacUDPServerTests/MacUDPServerTests-Info.plist";
				PRODUCT_NAME = "$(TARGET_NAME)";
				TEST_HOST = "$(BUNDLE_LOADER)";
				WRAPPER_EXTENSION = xctest;
			};
			name = Release;
		};
/* End XCBuildConfiguration section */

/* Begin XCConfigurationList section */
		C3BE63E61955ED330045CBAD /* Build configuration list for PBXProject "MacUDPServer" */ = {
			isa = XCConfigurationList;
			buildConfigurations = (
				C3BE641A1955ED330045CBAD /* Debug */,
				C3BE641B1955ED330045CBAD /* Release */,
			);
			defaultConfigurationIsVisible = 0;
			defaultConfigurationName = Release;
		};
		C3BE641C1955ED330045CBAD /* Build configuration list for PBXNativeTarget "MacUDPServer" */ = {
			isa = XCConfigurationList;
			buildConfigurations = (
				C3BE641D1955ED330045CBAD /* Debug */,
				C3BE641E1955ED330045CBAD /* Release */,
			);
			defaultConfigurationIsVisible = 0;
			defaultConfigurationName = Release;
		};
		C3BE641F1955ED330045CBAD /* Build configuration list for PBXNativeTarget "MacUDPServerTests" */ = {
			isa = XCConfigurationList;
			buildConfigurations = (
				C3BE64201955ED330045CBAD /* Debug */,
				C3BE64211955ED330045CBAD /* Release */,
			);
			defaultConfigurationIsVisible = 0;
			defaultConfigurationName = Release;
		};
/* End XCConfigurationList section */
	};
	rootObject = C3BE63E31955ED330045CBAD /* Project object */;
}
