// !$*UTF8*$!
{
	archiveVersion = 1;
	classes = {
	};
	objectVersion = 46;
	objects = {

/* Begin PBXBuildFile section */
		5D8655FE23718D91007D70ED /* GCDAsyncUdpSocket.m in Sources */ = {isa = PBXBuildFile; fileRef = 5D8655FC23718D91007D70ED /* GCDAsyncUdpSocket.m */; };
		5D86560123718F47007D70ED /* HTHandler.m in Sources */ = {isa = PBXBuildFile; fileRef = 5D8655FF23718F47007D70ED /* HTHandler.m */; };
		6314758A1D865E4900159096 /* AppDelegate.m in Sources */ = {isa = PBXBuildFile; fileRef = 631475891D865E4900159096 /* AppDelegate.m */; };
		6314758D1D865E4900159096 /* main.m in Sources */ = {isa = PBXBuildFile; fileRef = 6314758C1D865E4900159096 /* main.m */; };
		631475921D865E4900159096 /* Assets.xcassets in Resources */ = {isa = PBXBuildFile; fileRef = 631475911D865E4900159096 /* Assets.xcassets */; };
		631475951D865E4900159096 /* Main.storyboard in Resources */ = {isa = PBXBuildFile; fileRef = 631475931D865E4900159096 /* Main.storyboard */; };
/* End PBXBuildFile section */

/* Begin PBXFileReference section */
		5D8655FC23718D91007D70ED /* GCDAsyncUdpSocket.m */ = {isa = PBXFileReference; fileEncoding = 4; lastKnownFileType = sourcecode.c.objc; path = GCDAsyncUdpSocket.m; sourceTree = "<group>"; };
		5D8655FD23718D91007D70ED /* GCDAsyncUdpSocket.h */ = {isa = PBXFileReference; fileEncoding = 4; lastKnownFileType = sourcecode.c.h; path = GCDAsyncUdpSocket.h; sourceTree = "<group>"; };
		5D8655FF23718F47007D70ED /* HTHandler.m */ = {isa = PBXFileReference; fileEncoding = 4; lastKnownFileType = sourcecode.c.objc; path = HTHandler.m; sourceTree = "<group>"; };
		5D86560023718F47007D70ED /* HTHandler.h */ = {isa = PBXFileReference; fileEncoding = 4; lastKnownFileType = sourcecode.c.h; path = HTHandler.h; sourceTree = "<group>"; };
		631475851D865E4900159096 /* UdpForMac.app */ = {isa = PBXFileReference; explicitFileType = wrapper.application; includeInIndex = 0; path = UdpForMac.app; sourceTree = BUILT_PRODUCTS_DIR; };
		631475881D865E4900159096 /* AppDelegate.h */ = {isa = PBXFileReference; lastKnownFileType = sourcecode.c.h; path = AppDelegate.h; sourceTree = "<group>"; };
		631475891D865E4900159096 /* AppDelegate.m */ = {isa = PBXFileReference; lastKnownFileType = sourcecode.c.objc; path = AppDelegate.m; sourceTree = "<group>"; };
		6314758C1D865E4900159096 /* main.m */ = {isa = PBXFileReference; lastKnownFileType = sourcecode.c.objc; path = main.m; sourceTree = "<group>"; };
		631475911D865E4900159096 /* Assets.xcassets */ = {isa = PBXFileReference; lastKnownFileType = folder.assetcatalog; path = Assets.xcassets; sourceTree = "<group>"; };
		631475941D865E4900159096 /* Base */ = {isa = PBXFileReference; lastKnownFileType = file.storyboard; name = Base; path = Base.lproj/Main.storyboard; sourceTree = "<group>"; };
		631475961D865E4900159096 /* Info.plist */ = {isa = PBXFileReference; lastKnownFileType = text.plist.xml; path = Info.plist; sourceTree = "<group>"; };
/* End PBXFileReference section */

/* Begin PBXFrameworksBuildPhase section */
		631475821D865E4900159096 /* Frameworks */ = {
			isa = PBXFrameworksBuildPhase;
			buildActionMask = 2147483647;
			files = (
			);
			runOnlyForDeploymentPostprocessing = 0;
		};
/* End PBXFrameworksBuildPhase section */

/* Begin PBXGroup section */
		6314757C1D865E4900159096 = {
			isa = PBXGroup;
			children = (
				631475871D865E4900159096 /* UdpForMac */,
				631475861D865E4900159096 /* Products */,
			);
			sourceTree = "<group>";
		};
		631475861D865E4900159096 /* Products */ = {
			isa = PBXGroup;
			children = (
				631475851D865E4900159096 /* UdpForMac.app */,
			);
			name = Products;
			sourceTree = "<group>";
		};
		631475871D865E4900159096 /* UdpForMac */ = {
			isa = PBXGroup;
			children = (
				5D86560023718F47007D70ED /* HTHandler.h */,
				5D8655FF23718F47007D70ED /* HTHandler.m */,
				5D8655FD23718D91007D70ED /* GCDAsyncUdpSocket.h */,
				5D8655FC23718D91007D70ED /* GCDAsyncUdpSocket.m */,
				631475881D865E4900159096 /* AppDelegate.h */,
				631475891D865E4900159096 /* AppDelegate.m */,
				631475911D865E4900159096 /* Assets.xcassets */,
				631475931D865E4900159096 /* Main.storyboard */,
				631475961D865E4900159096 /* Info.plist */,
				6314758B1D865E4900159096 /* Supporting Files */,
			);
			path = UdpForMac;
			sourceTree = "<group>";
		};
		6314758B1D865E4900159096 /* Supporting Files */ = {
			isa = PBXGroup;
			children = (
				6314758C1D865E4900159096 /* main.m */,
			);
			name = "Supporting Files";
			sourceTree = "<group>";
		};
/* End PBXGroup section */

/* Begin PBXNativeTarget section */
		631475841D865E4900159096 /* UdpForMac */ = {
			isa = PBXNativeTarget;
			buildConfigurationList = 631475991D865E4900159096 /* Build configuration list for PBXNativeTarget "UdpForMac" */;
			buildPhases = (
				631475811D865E4900159096 /* Sources */,
				631475821D865E4900159096 /* Frameworks */,
				631475831D865E4900159096 /* Resources */,
			);
			buildRules = (
			);
			dependencies = (
			);
			name = UdpForMac;
			productName = UdpForMac;
			productReference = 631475851D865E4900159096 /* UdpForMac.app */;
			productType = "com.apple.product-type.application";
		};
/* End PBXNativeTarget section */

/* Begin PBXProject section */
		6314757D1D865E4900159096 /* Project object */ = {
			isa = PBXProject;
			attributes = {
				LastUpgradeCheck = 0730;
				ORGANIZATIONNAME = Xydawn;
				TargetAttributes = {
					631475841D865E4900159096 = {
						CreatedOnToolsVersion = 7.3.1;
						DevelopmentTeam = HYZE4HN4M4;
					};
				};
			};
			buildConfigurationList = 631475801D865E4900159096 /* Build configuration list for PBXProject "UdpForMac" */;
			compatibilityVersion = "Xcode 3.2";
			developmentRegion = English;
			hasScannedForEncodings = 0;
			knownRegions = (
				English,
				en,
				Base,
			);
			mainGroup = 6314757C1D865E4900159096;
			productRefGroup = 631475861D865E4900159096 /* Products */;
			projectDirPath = "";
			projectRoot = "";
			targets = (
				631475841D865E4900159096 /* UdpForMac */,
			);
		};
/* End PBXProject section */

/* Begin PBXResourcesBuildPhase section */
		631475831D865E4900159096 /* Resources */ = {
			isa = PBXResourcesBuildPhase;
			buildActionMask = 2147483647;
			files = (
				631475921D865E4900159096 /* Assets.xcassets in Resources */,
				631475951D865E4900159096 /* Main.storyboard in Resources */,
			);
			runOnlyForDeploymentPostprocessing = 0;
		};
/* End PBXResourcesBuildPhase section */

/* Begin PBXSourcesBuildPhase section */
		631475811D865E4900159096 /* Sources */ = {
			isa = PBXSourcesBuildPhase;
			buildActionMask = 2147483647;
			files = (
				5D86560123718F47007D70ED /* HTHandler.m in Sources */,
				5D8655FE23718D91007D70ED /* GCDAsyncUdpSocket.m in Sources */,
				6314758D1D865E4900159096 /* main.m in Sources */,
				6314758A1D865E4900159096 /* AppDelegate.m in Sources */,
			);
			runOnlyForDeploymentPostprocessing = 0;
		};
/* End PBXSourcesBuildPhase section */

/* Begin PBXVariantGroup section */
		631475931D865E4900159096 /* Main.storyboard */ = {
			isa = PBXVariantGroup;
			children = (
				631475941D865E4900159096 /* Base */,
			);
			name = Main.storyboard;
			sourceTree = "<group>";
		};
/* End PBXVariantGroup section */

/* Begin XCBuildConfiguration section */
		631475971D865E4900159096 /* Debug */ = {
			isa = XCBuildConfiguration;
			buildSettings = {
				ALWAYS_SEARCH_USER_PATHS = NO;
				CLANG_ANALYZER_NONNULL = YES;
				CLANG_CXX_LANGUAGE_STANDARD = "gnu++0x";
				CLANG_CXX_LIBRARY = "libc++";
				CLANG_ENABLE_MODULES = YES;
				CLANG_ENABLE_OBJC_ARC = YES;
				CLANG_WARN_BOOL_CONVERSION = YES;
				CLANG_WARN_CONSTANT_CONVERSION = YES;
				CLANG_WARN_DIRECT_OBJC_ISA_USAGE = YES_ERROR;
				CLANG_WARN_EMPTY_BODY = YES;
				CLANG_WARN_ENUM_CONVERSION = YES;
				CLANG_WARN_INT_CONVERSION = YES;
				CLANG_WARN_OBJC_ROOT_CLASS = YES_ERROR;
				CLANG_WARN_UNREACHABLE_CODE = YES;
				CLANG_WARN__DUPLICATE_METHOD_MATCH = YES;
				CODE_SIGN_IDENTITY = "-";
				COPY_PHASE_STRIP = NO;
				DEBUG_INFORMATION_FORMAT = dwarf;
				ENABLE_STRICT_OBJC_MSGSEND = YES;
				ENABLE_TESTABILITY = YES;
				GCC_C_LANGUAGE_STANDARD = gnu99;
				GCC_DYNAMIC_NO_PIC = NO;
				GCC_NO_COMMON_BLOCKS = YES;
				GCC_OPTIMIZATION_LEVEL = 0;
				GCC_PREPROCESSOR_DEFINITIONS = (
					"DEBUG=1",
					"$(inherited)",
				);
				GCC_WARN_64_TO_32_BIT_CONVERSION = YES;
				GCC_WARN_ABOUT_RETURN_TYPE = YES_ERROR;
				GCC_WARN_UNDECLARED_SELECTOR = YES;
				GCC_WARN_UNINITIALIZED_AUTOS = YES_AGGRESSIVE;
				GCC_WARN_UNUSED_FUNCTION = YES;
				GCC_WARN_UNUSED_VARIABLE = YES;
				MACOSX_DEPLOYMENT_TARGET = 10.11;
				MTL_ENABLE_DEBUG_INFO = YES;
				ONLY_ACTIVE_ARCH = YES;
				SDKROOT = macosx;
			};
			name = Debug;
		};
		631475981D865E4900159096 /* Release */ = {
			isa = XCBuildConfiguration;
			buildSettings = {
				ALWAYS_SEARCH_USER_PATHS = NO;
				CLANG_ANALYZER_NONNULL = YES;
				CLANG_CXX_LANGUAGE_STANDARD = "gnu++0x";
				CLANG_CXX_LIBRARY = "libc++";
				CLANG_ENABLE_MODULES = YES;
				CLANG_ENABLE_OBJC_ARC = YES;
				CLANG_WARN_BOOL_CONVERSION = YES;
				CLANG_WARN_CONSTANT_CONVERSION = YES;
				CLANG_WARN_DIRECT_OBJC_ISA_USAGE = YES_ERROR;
				CLANG_WARN_EMPTY_BODY = YES;
				CLANG_WARN_ENUM_CONVERSION = YES;
				CLANG_WARN_INT_CONVERSION = YES;
				CLANG_WARN_OBJC_ROOT_CLASS = YES_ERROR;
				CLANG_WARN_UNREACHABLE_CODE = YES;
				CLANG_WARN__DUPLICATE_METHOD_MATCH = YES;
				CODE_SIGN_IDENTITY = "-";
				COPY_PHASE_STRIP = NO;
				DEBUG_INFORMATION_FORMAT = "dwarf-with-dsym";
				ENABLE_NS_ASSERTIONS = NO;
				ENABLE_STRICT_OBJC_MSGSEND = YES;
				GCC_C_LANGUAGE_STANDARD = gnu99;
				GCC_NO_COMMON_BLOCKS = YES;
				GCC_WARN_64_TO_32_BIT_CONVERSION = YES;
				GCC_WARN_ABOUT_RETURN_TYPE = YES_ERROR;
				GCC_WARN_UNDECLARED_SELECTOR = YES;
				GCC_WARN_UNINITIALIZED_AUTOS = YES_AGGRESSIVE;
				GCC_WARN_UNUSED_FUNCTION = YES;
				GCC_WARN_UNUSED_VARIABLE = YES;
				MACOSX_DEPLOYMENT_TARGET = 10.11;
				MTL_ENABLE_DEBUG_INFO = NO;
				SDKROOT = macosx;
			};
			name = Release;
		};
		6314759A1D865E4900159096 /* Debug */ = {
			isa = XCBuildConfiguration;
			buildSettings = {
				ASSETCATALOG_COMPILER_APPICON_NAME = AppIcon;
				CODE_SIGN_IDENTITY = "-";
				COMBINE_HIDPI_IMAGES = YES;
				DEVELOPMENT_TEAM = HYZE4HN4M4;
				INFOPLIST_FILE = UdpForMac/Info.plist;
				LD_RUNPATH_SEARCH_PATHS = "$(inherited) @executable_path/../Frameworks";
				PRODUCT_BUNDLE_IDENTIFIER = com.helloted.UdpForMac;
				PRODUCT_NAME = "$(TARGET_NAME)";
			};
			name = Debug;
		};
		6314759B1D865E4900159096 /* Release */ = {
			isa = XCBuildConfiguration;
			buildSettings = {
				ASSETCATALOG_COMPILER_APPICON_NAME = AppIcon;
				CODE_SIGN_IDENTITY = "-";
				COMBINE_HIDPI_IMAGES = YES;
				DEVELOPMENT_TEAM = HYZE4HN4M4;
				INFOPLIST_FILE = UdpForMac/Info.plist;
				LD_RUNPATH_SEARCH_PATHS = "$(inherited) @executable_path/../Frameworks";
				PRODUCT_BUNDLE_IDENTIFIER = com.helloted.UdpForMac;
				PRODUCT_NAME = "$(TARGET_NAME)";
			};
			name = Release;
		};
/* End XCBuildConfiguration section */

/* Begin XCConfigurationList section */
		631475801D865E4900159096 /* Build configuration list for PBXProject "UdpForMac" */ = {
			isa = XCConfigurationList;
			buildConfigurations = (
				631475971D865E4900159096 /* Debug */,
				631475981D865E4900159096 /* Release */,
			);
			defaultConfigurationIsVisible = 0;
			defaultConfigurationName = Release;
		};
		631475991D865E4900159096 /* Build configuration list for PBXNativeTarget "UdpForMac" */ = {
			isa = XCConfigurationList;
			buildConfigurations = (
				6314759A1D865E4900159096 /* Debug */,
				6314759B1D865E4900159096 /* Release */,
			);
			defaultConfigurationIsVisible = 0;
			defaultConfigurationName = Release;
		};
/* End XCConfigurationList section */
	};
	rootObject = 6314757D1D865E4900159096 /* Project object */;
}
