// !$*UTF8*$!
{
	archiveVersion = 1;
	classes = {
	};
	objectVersion = 50;
	objects = {

/* Begin PBXBuildFile section */
		5DE0097524518D7900FB6833 /* AppDelegate.m in Sources */ = {isa = PBXBuildFile; fileRef = 5DE0097424518D7900FB6833 /* AppDelegate.m */; };
		5DE0097824518D7900FB6833 /* ViewController.m in Sources */ = {isa = PBXBuildFile; fileRef = 5DE0097724518D7900FB6833 /* ViewController.m */; };
		5DE0097A24518D7A00FB6833 /* Assets.xcassets in Resources */ = {isa = PBXBuildFile; fileRef = 5DE0097924518D7A00FB6833 /* Assets.xcassets */; };
		5DE0097D24518D7A00FB6833 /* Main.storyboard in Resources */ = {isa = PBXBuildFile; fileRef = 5DE0097B24518D7A00FB6833 /* Main.storyboard */; };
		5DE0098024518D7A00FB6833 /* main.m in Sources */ = {isa = PBXBuildFile; fileRef = 5DE0097F24518D7A00FB6833 /* main.m */; };
		5DE009972451B5CF00FB6833 /* WebPImage.m in Sources */ = {isa = PBXBuildFile; fileRef = 5DE0098F2451B5CF00FB6833 /* WebPImage.m */; };
		5DE0099B2451B73700FB6833 /* libwebpmux.a in Frameworks */ = {isa = PBXBuildFile; fileRef = 5DE009982451B73600FB6833 /* libwebpmux.a */; };
		5DE0099C2451B73700FB6833 /* libwebp.a in Frameworks */ = {isa = PBXBuildFile; fileRef = 5DE009992451B73700FB6833 /* libwebp.a */; };
		5DE0099D2451B73700FB6833 /* libwebpdemux.a in Frameworks */ = {isa = PBXBuildFile; fileRef = 5DE0099A2451B73700FB6833 /* libwebpdemux.a */; };
		5DE009A12452CDC000FB6833 /* NSProgressIndicator+ESSProgressIndicatorCategory.m in Sources */ = {isa = PBXBuildFile; fileRef = 5DE0099F2452CDC000FB6833 /* NSProgressIndicator+ESSProgressIndicatorCategory.m */; };
		5DE009A4245306F000FB6833 /* HTWindowsController.m in Sources */ = {isa = PBXBuildFile; fileRef = 5DE009A3245306F000FB6833 /* HTWindowsController.m */; };
/* End PBXBuildFile section */

/* Begin PBXFileReference section */
		5DE0097024518D7900FB6833 /* WebP2PNG.app */ = {isa = PBXFileReference; explicitFileType = wrapper.application; includeInIndex = 0; path = WebP2PNG.app; sourceTree = BUILT_PRODUCTS_DIR; };
		5DE0097324518D7900FB6833 /* AppDelegate.h */ = {isa = PBXFileReference; lastKnownFileType = sourcecode.c.h; path = AppDelegate.h; sourceTree = "<group>"; };
		5DE0097424518D7900FB6833 /* AppDelegate.m */ = {isa = PBXFileReference; lastKnownFileType = sourcecode.c.objc; path = AppDelegate.m; sourceTree = "<group>"; };
		5DE0097624518D7900FB6833 /* ViewController.h */ = {isa = PBXFileReference; lastKnownFileType = sourcecode.c.h; path = ViewController.h; sourceTree = "<group>"; };
		5DE0097724518D7900FB6833 /* ViewController.m */ = {isa = PBXFileReference; lastKnownFileType = sourcecode.c.objc; path = ViewController.m; sourceTree = "<group>"; };
		5DE0097924518D7A00FB6833 /* Assets.xcassets */ = {isa = PBXFileReference; lastKnownFileType = folder.assetcatalog; path = Assets.xcassets; sourceTree = "<group>"; };
		5DE0097C24518D7A00FB6833 /* Base */ = {isa = PBXFileReference; lastKnownFileType = file.storyboard; name = Base; path = Base.lproj/Main.storyboard; sourceTree = "<group>"; };
		5DE0097E24518D7A00FB6833 /* Info.plist */ = {isa = PBXFileReference; lastKnownFileType = text.plist.xml; path = Info.plist; sourceTree = "<group>"; };
		5DE0097F24518D7A00FB6833 /* main.m */ = {isa = PBXFileReference; lastKnownFileType = sourcecode.c.objc; path = main.m; sourceTree = "<group>"; };
		5DE0098E2451B5CE00FB6833 /* WebPImage.h */ = {isa = PBXFileReference; fileEncoding = 4; lastKnownFileType = sourcecode.c.h; path = WebPImage.h; sourceTree = "<group>"; };
		5DE0098F2451B5CF00FB6833 /* WebPImage.m */ = {isa = PBXFileReference; fileEncoding = 4; lastKnownFileType = sourcecode.c.objc; path = WebPImage.m; sourceTree = "<group>"; };
		5DE009912451B5CF00FB6833 /* mux.h */ = {isa = PBXFileReference; fileEncoding = 4; lastKnownFileType = sourcecode.c.h; path = mux.h; sourceTree = "<group>"; };
		5DE009922451B5CF00FB6833 /* types.h */ = {isa = PBXFileReference; fileEncoding = 4; lastKnownFileType = sourcecode.c.h; path = types.h; sourceTree = "<group>"; };
		5DE009932451B5CF00FB6833 /* demux.h */ = {isa = PBXFileReference; fileEncoding = 4; lastKnownFileType = sourcecode.c.h; path = demux.h; sourceTree = "<group>"; };
		5DE009942451B5CF00FB6833 /* mux_types.h */ = {isa = PBXFileReference; fileEncoding = 4; lastKnownFileType = sourcecode.c.h; path = mux_types.h; sourceTree = "<group>"; };
		5DE009952451B5CF00FB6833 /* encode.h */ = {isa = PBXFileReference; fileEncoding = 4; lastKnownFileType = sourcecode.c.h; path = encode.h; sourceTree = "<group>"; };
		5DE009962451B5CF00FB6833 /* decode.h */ = {isa = PBXFileReference; fileEncoding = 4; lastKnownFileType = sourcecode.c.h; path = decode.h; sourceTree = "<group>"; };
		5DE009982451B73600FB6833 /* libwebpmux.a */ = {isa = PBXFileReference; lastKnownFileType = archive.ar; path = libwebpmux.a; sourceTree = "<group>"; };
		5DE009992451B73700FB6833 /* libwebp.a */ = {isa = PBXFileReference; lastKnownFileType = archive.ar; path = libwebp.a; sourceTree = "<group>"; };
		5DE0099A2451B73700FB6833 /* libwebpdemux.a */ = {isa = PBXFileReference; lastKnownFileType = archive.ar; path = libwebpdemux.a; sourceTree = "<group>"; };
		5DE0099E2451BA1B00FB6833 /* WebPConverter.entitlements */ = {isa = PBXFileReference; fileEncoding = 4; lastKnownFileType = text.plist.entitlements; name = WebPConverter.entitlements; path = WebPConverter/WebPConverter.entitlements; sourceTree = "<group>"; };
		5DE0099F2452CDC000FB6833 /* NSProgressIndicator+ESSProgressIndicatorCategory.m */ = {isa = PBXFileReference; fileEncoding = 4; lastKnownFileType = sourcecode.c.objc; path = "NSProgressIndicator+ESSProgressIndicatorCategory.m"; sourceTree = "<group>"; };
		5DE009A02452CDC000FB6833 /* NSProgressIndicator+ESSProgressIndicatorCategory.h */ = {isa = PBXFileReference; fileEncoding = 4; lastKnownFileType = sourcecode.c.h; path = "NSProgressIndicator+ESSProgressIndicatorCategory.h"; sourceTree = "<group>"; };
		5DE009A2245306F000FB6833 /* HTWindowsController.h */ = {isa = PBXFileReference; lastKnownFileType = sourcecode.c.h; path = HTWindowsController.h; sourceTree = "<group>"; };
		5DE009A3245306F000FB6833 /* HTWindowsController.m */ = {isa = PBXFileReference; lastKnownFileType = sourcecode.c.objc; path = HTWindowsController.m; sourceTree = "<group>"; };
/* End PBXFileReference section */

/* Begin PBXFrameworksBuildPhase section */
		5DE0096D24518D7900FB6833 /* Frameworks */ = {
			isa = PBXFrameworksBuildPhase;
			buildActionMask = 2147483647;
			files = (
				5DE0099D2451B73700FB6833 /* libwebpdemux.a in Frameworks */,
				5DE0099B2451B73700FB6833 /* libwebpmux.a in Frameworks */,
				5DE0099C2451B73700FB6833 /* libwebp.a in Frameworks */,
			);
			runOnlyForDeploymentPostprocessing = 0;
		};
/* End PBXFrameworksBuildPhase section */

/* Begin PBXGroup section */
		5DE0096724518D7900FB6833 = {
			isa = PBXGroup;
			children = (
				5DE0099E2451BA1B00FB6833 /* WebPConverter.entitlements */,
				5DE0097224518D7900FB6833 /* WebPConverter */,
				5DE0097124518D7900FB6833 /* Products */,
			);
			sourceTree = "<group>";
		};
		5DE0097124518D7900FB6833 /* Products */ = {
			isa = PBXGroup;
			children = (
				5DE0097024518D7900FB6833 /* WebP2PNG.app */,
			);
			name = Products;
			sourceTree = "<group>";
		};
		5DE0097224518D7900FB6833 /* WebPConverter */ = {
			isa = PBXGroup;
			children = (
				5DE009902451B5CF00FB6833 /* webp */,
				5DE009A02452CDC000FB6833 /* NSProgressIndicator+ESSProgressIndicatorCategory.h */,
				5DE0099F2452CDC000FB6833 /* NSProgressIndicator+ESSProgressIndicatorCategory.m */,
				5DE0098E2451B5CE00FB6833 /* WebPImage.h */,
				5DE0098F2451B5CF00FB6833 /* WebPImage.m */,
				5DE0097324518D7900FB6833 /* AppDelegate.h */,
				5DE0097424518D7900FB6833 /* AppDelegate.m */,
				5DE0097624518D7900FB6833 /* ViewController.h */,
				5DE0097724518D7900FB6833 /* ViewController.m */,
				5DE0097924518D7A00FB6833 /* Assets.xcassets */,
				5DE0097B24518D7A00FB6833 /* Main.storyboard */,
				5DE0097E24518D7A00FB6833 /* Info.plist */,
				5DE0097F24518D7A00FB6833 /* main.m */,
				5DE009A2245306F000FB6833 /* HTWindowsController.h */,
				5DE009A3245306F000FB6833 /* HTWindowsController.m */,
			);
			path = WebPConverter;
			sourceTree = "<group>";
		};
		5DE009902451B5CF00FB6833 /* webp */ = {
			isa = PBXGroup;
			children = (
				5DE009992451B73700FB6833 /* libwebp.a */,
				5DE0099A2451B73700FB6833 /* libwebpdemux.a */,
				5DE009982451B73600FB6833 /* libwebpmux.a */,
				5DE009912451B5CF00FB6833 /* mux.h */,
				5DE009922451B5CF00FB6833 /* types.h */,
				5DE009932451B5CF00FB6833 /* demux.h */,
				5DE009942451B5CF00FB6833 /* mux_types.h */,
				5DE009952451B5CF00FB6833 /* encode.h */,
				5DE009962451B5CF00FB6833 /* decode.h */,
			);
			path = webp;
			sourceTree = "<group>";
		};
/* End PBXGroup section */

/* Begin PBXNativeTarget section */
		5DE0096F24518D7900FB6833 /* WebPConverter */ = {
			isa = PBXNativeTarget;
			buildConfigurationList = 5DE0098424518D7A00FB6833 /* Build configuration list for PBXNativeTarget "WebPConverter" */;
			buildPhases = (
				5DE0096C24518D7900FB6833 /* Sources */,
				5DE0096D24518D7900FB6833 /* Frameworks */,
				5DE0096E24518D7900FB6833 /* Resources */,
			);
			buildRules = (
			);
			dependencies = (
			);
			name = WebPConverter;
			productName = WebPConverter;
			productReference = 5DE0097024518D7900FB6833 /* WebP2PNG.app */;
			productType = "com.apple.product-type.application";
		};
/* End PBXNativeTarget section */

/* Begin PBXProject section */
		5DE0096824518D7900FB6833 /* Project object */ = {
			isa = PBXProject;
			attributes = {
				LastUpgradeCheck = 1140;
				ORGANIZATIONNAME = Haozhicao;
				TargetAttributes = {
					5DE0096F24518D7900FB6833 = {
						CreatedOnToolsVersion = 11.4.1;
					};
				};
			};
			buildConfigurationList = 5DE0096B24518D7900FB6833 /* Build configuration list for PBXProject "WebPConverter" */;
			compatibilityVersion = "Xcode 9.3";
			developmentRegion = en;
			hasScannedForEncodings = 0;
			knownRegions = (
				en,
				Base,
			);
			mainGroup = 5DE0096724518D7900FB6833;
			productRefGroup = 5DE0097124518D7900FB6833 /* Products */;
			projectDirPath = "";
			projectRoot = "";
			targets = (
				5DE0096F24518D7900FB6833 /* WebPConverter */,
			);
		};
/* End PBXProject section */

/* Begin PBXResourcesBuildPhase section */
		5DE0096E24518D7900FB6833 /* Resources */ = {
			isa = PBXResourcesBuildPhase;
			buildActionMask = 2147483647;
			files = (
				5DE0097A24518D7A00FB6833 /* Assets.xcassets in Resources */,
				5DE0097D24518D7A00FB6833 /* Main.storyboard in Resources */,
			);
			runOnlyForDeploymentPostprocessing = 0;
		};
/* End PBXResourcesBuildPhase section */

/* Begin PBXSourcesBuildPhase section */
		5DE0096C24518D7900FB6833 /* Sources */ = {
			isa = PBXSourcesBuildPhase;
			buildActionMask = 2147483647;
			files = (
				5DE0097824518D7900FB6833 /* ViewController.m in Sources */,
				5DE009A4245306F000FB6833 /* HTWindowsController.m in Sources */,
				5DE0098024518D7A00FB6833 /* main.m in Sources */,
				5DE009A12452CDC000FB6833 /* NSProgressIndicator+ESSProgressIndicatorCategory.m in Sources */,
				5DE0097524518D7900FB6833 /* AppDelegate.m in Sources */,
				5DE009972451B5CF00FB6833 /* WebPImage.m in Sources */,
			);
			runOnlyForDeploymentPostprocessing = 0;
		};
/* End PBXSourcesBuildPhase section */

/* Begin PBXVariantGroup section */
		5DE0097B24518D7A00FB6833 /* Main.storyboard */ = {
			isa = PBXVariantGroup;
			children = (
				5DE0097C24518D7A00FB6833 /* Base */,
			);
			name = Main.storyboard;
			sourceTree = "<group>";
		};
/* End PBXVariantGroup section */

/* Begin XCBuildConfiguration section */
		5DE0098224518D7A00FB6833 /* Debug */ = {
			isa = XCBuildConfiguration;
			buildSettings = {
				ALWAYS_SEARCH_USER_PATHS = NO;
				CLANG_ANALYZER_NONNULL = YES;
				CLANG_ANALYZER_NUMBER_OBJECT_CONVERSION = YES_AGGRESSIVE;
				CLANG_CXX_LANGUAGE_STANDARD = "gnu++14";
				CLANG_CXX_LIBRARY = "libc++";
				CLANG_ENABLE_MODULES = YES;
				CLANG_ENABLE_OBJC_ARC = YES;
				CLANG_ENABLE_OBJC_WEAK = YES;
				CLANG_WARN_BLOCK_CAPTURE_AUTORELEASING = YES;
				CLANG_WARN_BOOL_CONVERSION = YES;
				CLANG_WARN_COMMA = YES;
				CLANG_WARN_CONSTANT_CONVERSION = YES;
				CLANG_WARN_DEPRECATED_OBJC_IMPLEMENTATIONS = YES;
				CLANG_WARN_DIRECT_OBJC_ISA_USAGE = YES_ERROR;
				CLANG_WARN_DOCUMENTATION_COMMENTS = YES;
				CLANG_WARN_EMPTY_BODY = YES;
				CLANG_WARN_ENUM_CONVERSION = YES;
				CLANG_WARN_INFINITE_RECURSION = YES;
				CLANG_WARN_INT_CONVERSION = YES;
				CLANG_WARN_NON_LITERAL_NULL_CONVERSION = YES;
				CLANG_WARN_OBJC_IMPLICIT_RETAIN_SELF = YES;
				CLANG_WARN_OBJC_LITERAL_CONVERSION = YES;
				CLANG_WARN_OBJC_ROOT_CLASS = YES_ERROR;
				CLANG_WARN_RANGE_LOOP_ANALYSIS = YES;
				CLANG_WARN_STRICT_PROTOTYPES = YES;
				CLANG_WARN_SUSPICIOUS_MOVE = YES;
				CLANG_WARN_UNGUARDED_AVAILABILITY = YES_AGGRESSIVE;
				CLANG_WARN_UNREACHABLE_CODE = YES;
				CLANG_WARN__DUPLICATE_METHOD_MATCH = YES;
				COPY_PHASE_STRIP = NO;
				DEBUG_INFORMATION_FORMAT = dwarf;
				ENABLE_STRICT_OBJC_MSGSEND = YES;
				ENABLE_TESTABILITY = YES;
				GCC_C_LANGUAGE_STANDARD = gnu11;
				GCC_DYNAMIC_NO_PIC = NO;
				GCC_NO_COMMON_BLOCKS = YES;
				GCC_OPTIMIZATION_LEVEL = 0;
				GCC_PREPROCESSOR_DEFINITIONS = (
					"DEBUG=1",
					"$(inherited)",
				);
				GCC_WARN_64_TO_32_BIT_CONVERSION = YES;
				GCC_WARN_ABOUT_RETURN_TYPE = YES_ERROR;
				GCC_WARN_UNDECLARED_SELECTOR = YES;
				GCC_WARN_UNINITIALIZED_AUTOS = YES_AGGRESSIVE;
				GCC_WARN_UNUSED_FUNCTION = YES;
				GCC_WARN_UNUSED_VARIABLE = YES;
				MACOSX_DEPLOYMENT_TARGET = 10.15;
				MTL_ENABLE_DEBUG_INFO = INCLUDE_SOURCE;
				MTL_FAST_MATH = YES;
				ONLY_ACTIVE_ARCH = YES;
				SDKROOT = macosx;
			};
			name = Debug;
		};
		5DE0098324518D7A00FB6833 /* Release */ = {
			isa = XCBuildConfiguration;
			buildSettings = {
				ALWAYS_SEARCH_USER_PATHS = NO;
				CLANG_ANALYZER_NONNULL = YES;
				CLANG_ANALYZER_NUMBER_OBJECT_CONVERSION = YES_AGGRESSIVE;
				CLANG_CXX_LANGUAGE_STANDARD = "gnu++14";
				CLANG_CXX_LIBRARY = "libc++";
				CLANG_ENABLE_MODULES = YES;
				CLANG_ENABLE_OBJC_ARC = YES;
				CLANG_ENABLE_OBJC_WEAK = YES;
				CLANG_WARN_BLOCK_CAPTURE_AUTORELEASING = YES;
				CLANG_WARN_BOOL_CONVERSION = YES;
				CLANG_WARN_COMMA = YES;
				CLANG_WARN_CONSTANT_CONVERSION = YES;
				CLANG_WARN_DEPRECATED_OBJC_IMPLEMENTATIONS = YES;
				CLANG_WARN_DIRECT_OBJC_ISA_USAGE = YES_ERROR;
				CLANG_WARN_DOCUMENTATION_COMMENTS = YES;
				CLANG_WARN_EMPTY_BODY = YES;
				CLANG_WARN_ENUM_CONVERSION = YES;
				CLANG_WARN_INFINITE_RECURSION = YES;
				CLANG_WARN_INT_CONVERSION = YES;
				CLANG_WARN_NON_LITERAL_NULL_CONVERSION = YES;
				CLANG_WARN_OBJC_IMPLICIT_RETAIN_SELF = YES;
				CLANG_WARN_OBJC_LITERAL_CONVERSION = YES;
				CLANG_WARN_OBJC_ROOT_CLASS = YES_ERROR;
				CLANG_WARN_RANGE_LOOP_ANALYSIS = YES;
				CLANG_WARN_STRICT_PROTOTYPES = YES;
				CLANG_WARN_SUSPICIOUS_MOVE = YES;
				CLANG_WARN_UNGUARDED_AVAILABILITY = YES_AGGRESSIVE;
				CLANG_WARN_UNREACHABLE_CODE = YES;
				CLANG_WARN__DUPLICATE_METHOD_MATCH = YES;
				COPY_PHASE_STRIP = NO;
				DEBUG_INFORMATION_FORMAT = "dwarf-with-dsym";
				ENABLE_NS_ASSERTIONS = NO;
				ENABLE_STRICT_OBJC_MSGSEND = YES;
				GCC_C_LANGUAGE_STANDARD = gnu11;
				GCC_NO_COMMON_BLOCKS = YES;
				GCC_WARN_64_TO_32_BIT_CONVERSION = YES;
				GCC_WARN_ABOUT_RETURN_TYPE = YES_ERROR;
				GCC_WARN_UNDECLARED_SELECTOR = YES;
				GCC_WARN_UNINITIALIZED_AUTOS = YES_AGGRESSIVE;
				GCC_WARN_UNUSED_FUNCTION = YES;
				GCC_WARN_UNUSED_VARIABLE = YES;
				MACOSX_DEPLOYMENT_TARGET = 10.15;
				MTL_ENABLE_DEBUG_INFO = NO;
				MTL_FAST_MATH = YES;
				SDKROOT = macosx;
			};
			name = Release;
		};
		5DE0098524518D7A00FB6833 /* Debug */ = {
			isa = XCBuildConfiguration;
			buildSettings = {
				ASSETCATALOG_COMPILER_APPICON_NAME = AppIcon;
				CODE_SIGN_ENTITLEMENTS = WebPConverter/WebPConverter.entitlements;
				CODE_SIGN_STYLE = Automatic;
				COMBINE_HIDPI_IMAGES = YES;
				DEVELOPMENT_TEAM = HYZE4HN4M4;
				ENABLE_HARDENED_RUNTIME = YES;
				INFOPLIST_FILE = WebPConverter/Info.plist;
				LD_RUNPATH_SEARCH_PATHS = (
					"$(inherited)",
					"@executable_path/../Frameworks",
				);
				LIBRARY_SEARCH_PATHS = (
					"$(inherited)",
					"$(PROJECT_DIR)/WebPConverter/webp",
				);
				PRODUCT_BUNDLE_IDENTIFIER = com.helloted.WebPConverter;
				PRODUCT_NAME = WebP2PNG;
			};
			name = Debug;
		};
		5DE0098624518D7A00FB6833 /* Release */ = {
			isa = XCBuildConfiguration;
			buildSettings = {
				ASSETCATALOG_COMPILER_APPICON_NAME = AppIcon;
				CODE_SIGN_ENTITLEMENTS = WebPConverter/WebPConverter.entitlements;
				CODE_SIGN_STYLE = Automatic;
				COMBINE_HIDPI_IMAGES = YES;
				DEVELOPMENT_TEAM = HYZE4HN4M4;
				ENABLE_HARDENED_RUNTIME = YES;
				INFOPLIST_FILE = WebPConverter/Info.plist;
				LD_RUNPATH_SEARCH_PATHS = (
					"$(inherited)",
					"@executable_path/../Frameworks",
				);
				LIBRARY_SEARCH_PATHS = (
					"$(inherited)",
					"$(PROJECT_DIR)/WebPConverter/webp",
				);
				PRODUCT_BUNDLE_IDENTIFIER = com.helloted.WebPConverter;
				PRODUCT_NAME = WebP2PNG;
			};
			name = Release;
		};
/* End XCBuildConfiguration section */

/* Begin XCConfigurationList section */
		5DE0096B24518D7900FB6833 /* Build configuration list for PBXProject "WebPConverter" */ = {
			isa = XCConfigurationList;
			buildConfigurations = (
				5DE0098224518D7A00FB6833 /* Debug */,
				5DE0098324518D7A00FB6833 /* Release */,
			);
			defaultConfigurationIsVisible = 0;
			defaultConfigurationName = Release;
		};
		5DE0098424518D7A00FB6833 /* Build configuration list for PBXNativeTarget "WebPConverter" */ = {
			isa = XCConfigurationList;
			buildConfigurations = (
				5DE0098524518D7A00FB6833 /* Debug */,
				5DE0098624518D7A00FB6833 /* Release */,
			);
			defaultConfigurationIsVisible = 0;
			defaultConfigurationName = Release;
		};
/* End XCConfigurationList section */
	};
	rootObject = 5DE0096824518D7900FB6833 /* Project object */;
}
